
Microsoft Visual Studio Solution File, Format Version 12.00
# Visual Studio Version 17
VisualStudioVersion = 17.8.34511.84
MinimumVisualStudioVersion = 10.0.40219.1
Project("{FAE04EC0-301F-11D3-BF4B-00C04F79EFBC}") = "PPl3", "PPl3\PPl3.csproj", "{C172D508-65AF-4798-AFB3-12455F497ED9}"
EndProject
Global
	GlobalSection(SolutionConfigurationPlatforms) = preSolution
		Debug|Any CPU = Debug|Any CPU
		Release|Any CPU = Release|Any CPU
	EndGlobalSection
	GlobalSection(ProjectConfigurationPlatforms) = postSolution
		{C172D508-65AF-4798-AFB3-12455F497ED9}.Debug|Any CPU.ActiveCfg = Debug|Any CPU
		{C172D508-65AF-4798-AFB3-12455F497ED9}.Debug|Any CPU.Build.0 = Debug|Any CPU
		{C172D508-65AF-4798-AFB3-12455F497ED9}.Release|Any CPU.ActiveCfg = Release|Any CPU
		{C172D508-65AF-4798-AFB3-12455F497ED9}.Release|Any CPU.Build.0 = Release|Any CPU
	EndGlobalSection
	GlobalSection(SolutionProperties) = preSolution
		HideSolutionNode = FALSE
	EndGlobalSection
	GlobalSection(ExtensibilityGlobals) = postSolution
		SolutionGuid = {AF114A73-5458-4264-B374-993085AE0121}
	EndGlobalSection
EndGlobal
